{
  "name": "network-command-helper",
  "version": "2.0.0",
  "lockfileVersion": 3,
  "requires": true,
  "packages": {
    "": {
      "name": "network-command-helper",
      "version": "2.0.0",
      "engines": {
        "node": ">=22"
      },
      "description": "Static browser-based desired-state network compiler for OpenWrt and NETGEAR with cross-device intent, diff, risk, apply and rollback runbooks."
    }
  }
}
